
Microsoft Visual Studio Solution File, Format Version 12.00
# Visual Studio Version 17
VisualStudioVersion = 17.8.34309.116
MinimumVisualStudioVersion = 10.0.40219.1
Project("{FAE04EC0-301F-11D3-BF4B-00C04F79EFBC}") = "AppPackage", "AppPackage\AppPackage.csproj", "{D05CA976-D2C8-458C-9E13-1C1BDAEC3937}"
EndProject
Global
	GlobalSection(SolutionConfigurationPlatforms) = preSolution
		Debug|Any CPU = Debug|Any CPU
		Release|Any CPU = Release|Any CPU
	EndGlobalSection
	GlobalSection(ProjectConfigurationPlatforms) = postSolution
		{D05CA976-D2C8-458C-9E13-1C1BDAEC3937}.Debug|Any CPU.ActiveCfg = Debug|Any CPU
		{D05CA976-D2C8-458C-9E13-1C1BDAEC3937}.Debug|Any CPU.Build.0 = Debug|Any CPU
		{D05CA976-D2C8-458C-9E13-1C1BDAEC3937}.Release|Any CPU.ActiveCfg = Release|Any CPU
		{D05CA976-D2C8-458C-9E13-1C1BDAEC3937}.Release|Any CPU.Build.0 = Release|Any CPU
	EndGlobalSection
	GlobalSection(SolutionProperties) = preSolution
		HideSolutionNode = FALSE
	EndGlobalSection
	GlobalSection(ExtensibilityGlobals) = postSolution
		SolutionGuid = {8A25A5B4-6895-49E7-943B-4530421101B4}
	EndGlobalSection
EndGlobal
